github.com/arnos/docopt-go v0.0.0-20180111231733-ee0de3bc6815 h1:n++2JuD5kP2uRXrkC2zpPNdQZOhnDAx+VfUyDg7ZqLk=
github.com/arnos/docopt-go v0.0.0-20180111231733-ee0de3bc6815/go.mod h1:Knzb1VUXTAf9tZlHKDSl2e4XQKp2nEK4/8YcQ2Iu0/4=
github.com/docopt/docopt-go v0.0.0-20180111231733-ee0de3bc6815 h1:bWDMxwH3px2JBh6AyO7hdCn/PkvCZXii8TGj7sbtEbQ=
github.com/docopt/docopt-go v0.0.0-20180111231733-ee0de3bc6815/go.mod h1:WwZ+bS3ebgob9U8Nd0kOddGdZWjyMGR8Wziv+TBNwSE=
